PODS:
  - CellLayout (3.5.0):
    - ReactiveCocoa (~> 8.0.2)
    - SVPullToRefresh (~> 0.4)
    - "UITableView+FDTemplateLayoutCell (~> 1.6)"
  - ReactiveCocoa (8.0.2):
    - ReactiveSwift (~> 4.0)
  - ReactiveSwift (4.0.0):
    - Result (~> 4.0)
  - Result (4.0.0)
  - SDWebImage (4.4.2):
    - SDWebImage/Core (= 4.4.2)
  - SDWebImage/Core (4.4.2)
  - SVPullToRefresh (0.4.1)
  - "UITableView+FDTemplateLayoutCell (1.6)"

DEPENDENCIES:
  - CellLayout (from `../`)
  - SDWebImage

SPEC REPOS:
  https://github.com/cocoapods/specs.git:
    - ReactiveCocoa
    - ReactiveSwift
    - Result
    - SDWebImage
    - SVPullToRefresh
    - "UITableView+FDTemplateLayoutCell"

EXTERNAL SOURCES:
  CellLayout:
    :path: "../"

SPEC CHECKSUMS:
  CellLayout: c7951fe04a4a564eef024ba81079fa5427b14cee
  ReactiveCocoa: fbd26e9ba60e98417ee47433e59465a98ed9da0f
  ReactiveSwift: a2bb9ace428a109e9c0209615645d9d286c8c433
  Result: 7645bb3f50c2ce726dd0ff2fa7b6f42bbe6c3713
  SDWebImage: 624d6e296c69b244bcede364c72ae0430ac14681
  SVPullToRefresh: ba2e718695a43253d8bea6852d2960097dc15d8c
  "UITableView+FDTemplateLayoutCell": 5c949b4a5059c404b442926c0e80f81d10a2d66f

PODFILE CHECKSUM: 0ae2eb8b0631fbdfbd12a7b2de9c97605ec2ca9f

COCOAPODS: 1.5.3
