PODS:
  - CellLayout (3.8.1):
    - ReactiveCocoa (~> 10.0.0)
    - SVPullToRefresh (~> 0.4)
    - "UITableView+FDTemplateLayoutCell (~> 1.6)"
  - ReactiveCocoa (10.0.0):
    - ReactiveSwift (~> 6.0)
  - ReactiveSwift (6.0.0)
  - SDWebImage (5.0.2):
    - SDWebImage/Core (= 5.0.2)
  - SDWebImage/Core (5.0.2)
  - SVPullToRefresh (0.4.1)
  - "UITableView+FDTemplateLayoutCell (1.6)"

DEPENDENCIES:
  - CellLayout (from `../`)
  - SDWebImage

SPEC REPOS:
  https://github.com/cocoapods/specs.git:
    - ReactiveCocoa
    - ReactiveSwift
    - SDWebImage
    - SVPullToRefresh
    - "UITableView+FDTemplateLayoutCell"

EXTERNAL SOURCES:
  CellLayout:
    :path: "../"

SPEC CHECKSUMS:
  CellLayout: 679706b250b445ae863ece968a4aa0ca24bf9004
  ReactiveCocoa: 6d4c37ba236f5d9a7a55b2172cd09f19ba85f574
  ReactiveSwift: 24b7ed245617bbfd30ee0c87779b6c64ac1b4518
  SDWebImage: 6764b5fa0f73c203728052955dbefa2bf1f33282
  SVPullToRefresh: ba2e718695a43253d8bea6852d2960097dc15d8c
  "UITableView+FDTemplateLayoutCell": 5c949b4a5059c404b442926c0e80f81d10a2d66f

PODFILE CHECKSUM: 0ae2eb8b0631fbdfbd12a7b2de9c97605ec2ca9f

COCOAPODS: 1.7.0.beta.3
