PODS:
  - CellLayout (1.1.2):
    - ReactiveCocoa (~> 2.5)
    - ReactiveViewModel (~> 0.3)
    - UITableView+FDTemplateLayoutCell (~> 1.6)
  - ReactiveCocoa (2.5):
    - ReactiveCocoa/UI (= 2.5)
  - ReactiveCocoa/Core (2.5):
    - ReactiveCocoa/no-arc
  - ReactiveCocoa/no-arc (2.5)
  - ReactiveCocoa/UI (2.5):
    - ReactiveCocoa/Core
  - ReactiveViewModel (0.3):
    - ReactiveCocoa (~> 2.4)
  - UITableView+FDTemplateLayoutCell (1.6)

DEPENDENCIES:
  - CellLayout (from `../`)

EXTERNAL SOURCES:
  CellLayout:
    :path: ../

SPEC CHECKSUMS:
  CellLayout: 132435fba8f3eedef8104983ff557fea4f1e5e45
  ReactiveCocoa: e2db045570aa97c695e7aa97c2bcab222ae51f4a
  ReactiveViewModel: 58918dcbcec2d3151195ab1ed9163c57a8163999
  UITableView+FDTemplateLayoutCell: 5c949b4a5059c404b442926c0e80f81d10a2d66f

PODFILE CHECKSUM: 5c529ceb5c77a1a8c1690a33fb5a5b65d94a9021

COCOAPODS: 1.2.1
